
Microsoft Visual Studio Solution File, Format Version 12.00
# Visual Studio Version 16
VisualStudioVersion = 16.0.32228.343
MinimumVisualStudioVersion = 10.0.40219.1
Project("{FAE04EC0-301F-11D3-BF4B-00C04F79EFBC}") = "AssaultCubeTrainer", "AssaultCubeTrainer\AssaultCubeTrainer.csproj", "{DE8FA4CB-6BB5-4131-BCEF-C2CB5DFEDEED}"
EndProject
Global
	GlobalSection(SolutionConfigurationPlatforms) = preSolution
		Debug|Any CPU = Debug|Any CPU
		Debug|x64 = Debug|x64
		Debug|x86 = Debug|x86
		Release|Any CPU = Release|Any CPU
		Release|x64 = Release|x64
		Release|x86 = Release|x86
	EndGlobalSection
	GlobalSection(ProjectConfigurationPlatforms) = postSolution
		{DE8FA4CB-6BB5-4131-BCEF-C2CB5DFEDEED}.Debug|Any CPU.ActiveCfg = Debug|Any CPU
		{DE8FA4CB-6BB5-4131-BCEF-C2CB5DFEDEED}.Debug|Any CPU.Build.0 = Debug|Any CPU
		{DE8FA4CB-6BB5-4131-BCEF-C2CB5DFEDEED}.Debug|x64.ActiveCfg = Debug|x64
		{DE8FA4CB-6BB5-4131-BCEF-C2CB5DFEDEED}.Debug|x64.Build.0 = Debug|x64
		{DE8FA4CB-6BB5-4131-BCEF-C2CB5DFEDEED}.Debug|x86.ActiveCfg = Release|x86
		{DE8FA4CB-6BB5-4131-BCEF-C2CB5DFEDEED}.Debug|x86.Build.0 = Release|x86
		{DE8FA4CB-6BB5-4131-BCEF-C2CB5DFEDEED}.Release|Any CPU.ActiveCfg = Release|Any CPU
		{DE8FA4CB-6BB5-4131-BCEF-C2CB5DFEDEED}.Release|Any CPU.Build.0 = Release|Any CPU
		{DE8FA4CB-6BB5-4131-BCEF-C2CB5DFEDEED}.Release|x64.ActiveCfg = Release|x64
		{DE8FA4CB-6BB5-4131-BCEF-C2CB5DFEDEED}.Release|x64.Build.0 = Release|x64
		{DE8FA4CB-6BB5-4131-BCEF-C2CB5DFEDEED}.Release|x86.ActiveCfg = Release|x86
		{DE8FA4CB-6BB5-4131-BCEF-C2CB5DFEDEED}.Release|x86.Build.0 = Release|x86
	EndGlobalSection
	GlobalSection(SolutionProperties) = preSolution
		HideSolutionNode = FALSE
	EndGlobalSection
	GlobalSection(ExtensibilityGlobals) = postSolution
		SolutionGuid = {B099DF05-029D-40FB-98CB-9F5A53FC3248}
	EndGlobalSection
EndGlobal
